
Microsoft Visual Studio Solution File, Format Version 12.00
# Visual Studio Version 17
VisualStudioVersion = 17.5.001.0
MinimumVisualStudioVersion = 10.0.40219.1
Project("{9A19103F-16F7-4668-BE54-9A1E7A4F7556}") = "task _1", "task _1\task _1.csproj", "{814B9D64-1E3E-435E-8F62-DE0DBF0BFF17}"
EndProject
Project("{9A19103F-16F7-4668-BE54-9A1E7A4F7556}") = "task02", "task02\task02.csproj", "{8ED26C32-EB8A-4B43-8421-5CCA12F07763}"
EndProject
Project("{9A19103F-16F7-4668-BE54-9A1E7A4F7556}") = "task03", "task03\task03.csproj", "{01B3304E-1EE0-4E00-B460-B30B07CC48EC}"
EndProject
Project("{9A19103F-16F7-4668-BE54-9A1E7A4F7556}") = "task04", "task04\task04.csproj", "{4B25822A-3054-4EAB-B2AF-07CC6CCF853D}"
EndProject
Project("{9A19103F-16F7-4668-BE54-9A1E7A4F7556}") = "task05", "task05\task05.csproj", "{A06AA2A0-56CD-4ACD-A8F9-B4F3C20D7CC5}"
EndProject
Project("{9A19103F-16F7-4668-BE54-9A1E7A4F7556}") = "task06", "task06\task06.csproj", "{72E50F4A-E412-4025-9772-A385DBA42472}"
EndProject
Project("{9A19103F-16F7-4668-BE54-9A1E7A4F7556}") = "task08", "task08\task08.csproj", "{73047844-38C0-4BFE-82AB-38205AB4CD6F}"
EndProject
Project("{9A19103F-16F7-4668-BE54-9A1E7A4F7556}") = "task09", "task09\task09.csproj", "{7D4EFD94-F7D3-4197-B6C3-ADAB7FC2AAFF}"
EndProject
Project("{9A19103F-16F7-4668-BE54-9A1E7A4F7556}") = "task1", "task1\task1.csproj", "{D20C8D1C-560E-4094-BE39-0EA2E373B5EB}"
EndProject
Project("{9A19103F-16F7-4668-BE54-9A1E7A4F7556}") = "task10", "task10\task10.csproj", "{64296622-35B8-42C2-9515-4A059B40294E}"
EndProject
Project("{9A19103F-16F7-4668-BE54-9A1E7A4F7556}") = "task11", "task11\task11.csproj", "{71E32D24-790D-457A-B469-36E88ECAF827}"
EndProject
Project("{9A19103F-16F7-4668-BE54-9A1E7A4F7556}") = "task12", "task12\task12.csproj", "{3C2597BB-FDD5-4844-82DF-C1EF9778D332}"
EndProject
Project("{9A19103F-16F7-4668-BE54-9A1E7A4F7556}") = "task13", "task13\task13.csproj", "{B9F74063-CB4C-4D6C-A29F-D40F7BB2B1D8}"
EndProject
Project("{9A19103F-16F7-4668-BE54-9A1E7A4F7556}") = "task14", "task14\task14.csproj", "{F67133D5-48B3-44DF-B020-445785173507}"
EndProject
Project("{9A19103F-16F7-4668-BE54-9A1E7A4F7556}") = "task15", "task15\task15.csproj", "{74905242-DA9F-4ECD-95D8-394BFFB9C259}"
EndProject
Project("{9A19103F-16F7-4668-BE54-9A1E7A4F7556}") = "task16", "task16\task16.csproj", "{E25FFB71-C063-4EDA-BF04-BE6A7C74A26E}"
EndProject
Project("{9A19103F-16F7-4668-BE54-9A1E7A4F7556}") = "Task17", "Task17\Task17.csproj", "{E0181F06-5E84-4B93-9443-ED59E71DD249}"
EndProject
Project("{9A19103F-16F7-4668-BE54-9A1E7A4F7556}") = "task18", "task18\task18.csproj", "{E75C4E36-2EA7-49C9-A712-D99FF1BB86DB}"
EndProject
Project("{9A19103F-16F7-4668-BE54-9A1E7A4F7556}") = "task19", "task19\task19.csproj", "{59C2ED46-28EE-4EC4-A5D6-EF4E3D265D50}"
EndProject
Project("{9A19103F-16F7-4668-BE54-9A1E7A4F7556}") = "task20", "task20\task20.csproj", "{C99166DA-E9FA-41D4-860F-12AF6CBF4008}"
EndProject
Project("{9A19103F-16F7-4668-BE54-9A1E7A4F7556}") = "task21", "task21\task21.csproj", "{89E596C9-E64D-4C50-AE63-715F0AA099E4}"
EndProject
Project("{9A19103F-16F7-4668-BE54-9A1E7A4F7556}") = "task22", "task22\task22.csproj", "{6DA90313-823A-48C4-AA21-5009BD7DA4BC}"
EndProject
Project("{9A19103F-16F7-4668-BE54-9A1E7A4F7556}") = "task23", "task23\task23.csproj", "{A780F6CA-DB27-4ABD-B5BE-58D29298B740}"
EndProject
Project("{9A19103F-16F7-4668-BE54-9A1E7A4F7556}") = "task7", "task7\task7.csproj", "{F65E1E04-28BE-4129-BEF7-B31F58E41DCD}"
EndProject
Global
	GlobalSection(SolutionConfigurationPlatforms) = preSolution
		Debug|Any CPU = Debug|Any CPU
		Release|Any CPU = Release|Any CPU
	EndGlobalSection
	GlobalSection(ProjectConfigurationPlatforms) = postSolution
		{814B9D64-1E3E-435E-8F62-DE0DBF0BFF17}.Debug|Any CPU.ActiveCfg = Debug|Any CPU
		{814B9D64-1E3E-435E-8F62-DE0DBF0BFF17}.Debug|Any CPU.Build.0 = Debug|Any CPU
		{814B9D64-1E3E-435E-8F62-DE0DBF0BFF17}.Release|Any CPU.ActiveCfg = Release|Any CPU
		{814B9D64-1E3E-435E-8F62-DE0DBF0BFF17}.Release|Any CPU.Build.0 = Release|Any CPU
		{8ED26C32-EB8A-4B43-8421-5CCA12F07763}.Debug|Any CPU.ActiveCfg = Debug|Any CPU
		{8ED26C32-EB8A-4B43-8421-5CCA12F07763}.Debug|Any CPU.Build.0 = Debug|Any CPU
		{8ED26C32-EB8A-4B43-8421-5CCA12F07763}.Release|Any CPU.ActiveCfg = Release|Any CPU
		{8ED26C32-EB8A-4B43-8421-5CCA12F07763}.Release|Any CPU.Build.0 = Release|Any CPU
		{01B3304E-1EE0-4E00-B460-B30B07CC48EC}.Debug|Any CPU.ActiveCfg = Debug|Any CPU
		{01B3304E-1EE0-4E00-B460-B30B07CC48EC}.Debug|Any CPU.Build.0 = Debug|Any CPU
		{01B3304E-1EE0-4E00-B460-B30B07CC48EC}.Release|Any CPU.ActiveCfg = Release|Any CPU
		{01B3304E-1EE0-4E00-B460-B30B07CC48EC}.Release|Any CPU.Build.0 = Release|Any CPU
		{4B25822A-3054-4EAB-B2AF-07CC6CCF853D}.Debug|Any CPU.ActiveCfg = Debug|Any CPU
		{4B25822A-3054-4EAB-B2AF-07CC6CCF853D}.Debug|Any CPU.Build.0 = Debug|Any CPU
		{4B25822A-3054-4EAB-B2AF-07CC6CCF853D}.Release|Any CPU.ActiveCfg = Release|Any CPU
		{4B25822A-3054-4EAB-B2AF-07CC6CCF853D}.Release|Any CPU.Build.0 = Release|Any CPU
		{A06AA2A0-56CD-4ACD-A8F9-B4F3C20D7CC5}.Debug|Any CPU.ActiveCfg = Debug|Any CPU
		{A06AA2A0-56CD-4ACD-A8F9-B4F3C20D7CC5}.Debug|Any CPU.Build.0 = Debug|Any CPU
		{A06AA2A0-56CD-4ACD-A8F9-B4F3C20D7CC5}.Release|Any CPU.ActiveCfg = Release|Any CPU
		{A06AA2A0-56CD-4ACD-A8F9-B4F3C20D7CC5}.Release|Any CPU.Build.0 = Release|Any CPU
		{72E50F4A-E412-4025-9772-A385DBA42472}.Debug|Any CPU.ActiveCfg = Debug|Any CPU
		{72E50F4A-E412-4025-9772-A385DBA42472}.Debug|Any CPU.Build.0 = Debug|Any CPU
		{72E50F4A-E412-4025-9772-A385DBA42472}.Release|Any CPU.ActiveCfg = Release|Any CPU
		{72E50F4A-E412-4025-9772-A385DBA42472}.Release|Any CPU.Build.0 = Release|Any CPU
		{73047844-38C0-4BFE-82AB-38205AB4CD6F}.Debug|Any CPU.ActiveCfg = Debug|Any CPU
		{73047844-38C0-4BFE-82AB-38205AB4CD6F}.Debug|Any CPU.Build.0 = Debug|Any CPU
		{73047844-38C0-4BFE-82AB-38205AB4CD6F}.Release|Any CPU.ActiveCfg = Release|Any CPU
		{73047844-38C0-4BFE-82AB-38205AB4CD6F}.Release|Any CPU.Build.0 = Release|Any CPU
		{7D4EFD94-F7D3-4197-B6C3-ADAB7FC2AAFF}.Debug|Any CPU.ActiveCfg = Debug|Any CPU
		{7D4EFD94-F7D3-4197-B6C3-ADAB7FC2AAFF}.Debug|Any CPU.Build.0 = Debug|Any CPU
		{7D4EFD94-F7D3-4197-B6C3-ADAB7FC2AAFF}.Release|Any CPU.ActiveCfg = Release|Any CPU
		{7D4EFD94-F7D3-4197-B6C3-ADAB7FC2AAFF}.Release|Any CPU.Build.0 = Release|Any CPU
		{D20C8D1C-560E-4094-BE39-0EA2E373B5EB}.Debug|Any CPU.ActiveCfg = Debug|Any CPU
		{D20C8D1C-560E-4094-BE39-0EA2E373B5EB}.Debug|Any CPU.Build.0 = Debug|Any CPU
		{D20C8D1C-560E-4094-BE39-0EA2E373B5EB}.Release|Any CPU.ActiveCfg = Release|Any CPU
		{D20C8D1C-560E-4094-BE39-0EA2E373B5EB}.Release|Any CPU.Build.0 = Release|Any CPU
		{64296622-35B8-42C2-9515-4A059B40294E}.Debug|Any CPU.ActiveCfg = Debug|Any CPU
		{64296622-35B8-42C2-9515-4A059B40294E}.Debug|Any CPU.Build.0 = Debug|Any CPU
		{64296622-35B8-42C2-9515-4A059B40294E}.Release|Any CPU.ActiveCfg = Release|Any CPU
		{64296622-35B8-42C2-9515-4A059B40294E}.Release|Any CPU.Build.0 = Release|Any CPU
		{71E32D24-790D-457A-B469-36E88ECAF827}.Debug|Any CPU.ActiveCfg = Debug|Any CPU
		{71E32D24-790D-457A-B469-36E88ECAF827}.Debug|Any CPU.Build.0 = Debug|Any CPU
		{71E32D24-790D-457A-B469-36E88ECAF827}.Release|Any CPU.ActiveCfg = Release|Any CPU
		{71E32D24-790D-457A-B469-36E88ECAF827}.Release|Any CPU.Build.0 = Release|Any CPU
		{3C2597BB-FDD5-4844-82DF-C1EF9778D332}.Debug|Any CPU.ActiveCfg = Debug|Any CPU
		{3C2597BB-FDD5-4844-82DF-C1EF9778D332}.Debug|Any CPU.Build.0 = Debug|Any CPU
		{3C2597BB-FDD5-4844-82DF-C1EF9778D332}.Release|Any CPU.ActiveCfg = Release|Any CPU
		{3C2597BB-FDD5-4844-82DF-C1EF9778D332}.Release|Any CPU.Build.0 = Release|Any CPU
		{B9F74063-CB4C-4D6C-A29F-D40F7BB2B1D8}.Debug|Any CPU.ActiveCfg = Debug|Any CPU
		{B9F74063-CB4C-4D6C-A29F-D40F7BB2B1D8}.Debug|Any CPU.Build.0 = Debug|Any CPU
		{B9F74063-CB4C-4D6C-A29F-D40F7BB2B1D8}.Release|Any CPU.ActiveCfg = Release|Any CPU
		{B9F74063-CB4C-4D6C-A29F-D40F7BB2B1D8}.Release|Any CPU.Build.0 = Release|Any CPU
		{F67133D5-48B3-44DF-B020-445785173507}.Debug|Any CPU.ActiveCfg = Debug|Any CPU
		{F67133D5-48B3-44DF-B020-445785173507}.Debug|Any CPU.Build.0 = Debug|Any CPU
		{F67133D5-48B3-44DF-B020-445785173507}.Release|Any CPU.ActiveCfg = Release|Any CPU
		{F67133D5-48B3-44DF-B020-445785173507}.Release|Any CPU.Build.0 = Release|Any CPU
		{74905242-DA9F-4ECD-95D8-394BFFB9C259}.Debug|Any CPU.ActiveCfg = Debug|Any CPU
		{74905242-DA9F-4ECD-95D8-394BFFB9C259}.Debug|Any CPU.Build.0 = Debug|Any CPU
		{74905242-DA9F-4ECD-95D8-394BFFB9C259}.Release|Any CPU.ActiveCfg = Release|Any CPU
		{74905242-DA9F-4ECD-95D8-394BFFB9C259}.Release|Any CPU.Build.0 = Release|Any CPU
		{E25FFB71-C063-4EDA-BF04-BE6A7C74A26E}.Debug|Any CPU.ActiveCfg = Debug|Any CPU
		{E25FFB71-C063-4EDA-BF04-BE6A7C74A26E}.Debug|Any CPU.Build.0 = Debug|Any CPU
		{E25FFB71-C063-4EDA-BF04-BE6A7C74A26E}.Release|Any CPU.ActiveCfg = Release|Any CPU
		{E25FFB71-C063-4EDA-BF04-BE6A7C74A26E}.Release|Any CPU.Build.0 = Release|Any CPU
		{E0181F06-5E84-4B93-9443-ED59E71DD249}.Debug|Any CPU.ActiveCfg = Debug|Any CPU
		{E0181F06-5E84-4B93-9443-ED59E71DD249}.Debug|Any CPU.Build.0 = Debug|Any CPU
		{E0181F06-5E84-4B93-9443-ED59E71DD249}.Release|Any CPU.ActiveCfg = Release|Any CPU
		{E0181F06-5E84-4B93-9443-ED59E71DD249}.Release|Any CPU.Build.0 = Release|Any CPU
		{E75C4E36-2EA7-49C9-A712-D99FF1BB86DB}.Debug|Any CPU.ActiveCfg = Debug|Any CPU
		{E75C4E36-2EA7-49C9-A712-D99FF1BB86DB}.Debug|Any CPU.Build.0 = Debug|Any CPU
		{E75C4E36-2EA7-49C9-A712-D99FF1BB86DB}.Release|Any CPU.ActiveCfg = Release|Any CPU
		{E75C4E36-2EA7-49C9-A712-D99FF1BB86DB}.Release|Any CPU.Build.0 = Release|Any CPU
		{59C2ED46-28EE-4EC4-A5D6-EF4E3D265D50}.Debug|Any CPU.ActiveCfg = Debug|Any CPU
		{59C2ED46-28EE-4EC4-A5D6-EF4E3D265D50}.Debug|Any CPU.Build.0 = Debug|Any CPU
		{59C2ED46-28EE-4EC4-A5D6-EF4E3D265D50}.Release|Any CPU.ActiveCfg = Release|Any CPU
		{59C2ED46-28EE-4EC4-A5D6-EF4E3D265D50}.Release|Any CPU.Build.0 = Release|Any CPU
		{C99166DA-E9FA-41D4-860F-12AF6CBF4008}.Debug|Any CPU.ActiveCfg = Debug|Any CPU
		{C99166DA-E9FA-41D4-860F-12AF6CBF4008}.Debug|Any CPU.Build.0 = Debug|Any CPU
		{C99166DA-E9FA-41D4-860F-12AF6CBF4008}.Release|Any CPU.ActiveCfg = Release|Any CPU
		{C99166DA-E9FA-41D4-860F-12AF6CBF4008}.Release|Any CPU.Build.0 = Release|Any CPU
		{89E596C9-E64D-4C50-AE63-715F0AA099E4}.Debug|Any CPU.ActiveCfg = Debug|Any CPU
		{89E596C9-E64D-4C50-AE63-715F0AA099E4}.Debug|Any CPU.Build.0 = Debug|Any CPU
		{89E596C9-E64D-4C50-AE63-715F0AA099E4}.Release|Any CPU.ActiveCfg = Release|Any CPU
		{89E596C9-E64D-4C50-AE63-715F0AA099E4}.Release|Any CPU.Build.0 = Release|Any CPU
		{6DA90313-823A-48C4-AA21-5009BD7DA4BC}.Debug|Any CPU.ActiveCfg = Debug|Any CPU
		{6DA90313-823A-48C4-AA21-5009BD7DA4BC}.Debug|Any CPU.Build.0 = Debug|Any CPU
		{6DA90313-823A-48C4-AA21-5009BD7DA4BC}.Release|Any CPU.ActiveCfg = Release|Any CPU
		{6DA90313-823A-48C4-AA21-5009BD7DA4BC}.Release|Any CPU.Build.0 = Release|Any CPU
		{A780F6CA-DB27-4ABD-B5BE-58D29298B740}.Debug|Any CPU.ActiveCfg = Debug|Any CPU
		{A780F6CA-DB27-4ABD-B5BE-58D29298B740}.Debug|Any CPU.Build.0 = Debug|Any CPU
		{A780F6CA-DB27-4ABD-B5BE-58D29298B740}.Release|Any CPU.ActiveCfg = Release|Any CPU
		{A780F6CA-DB27-4ABD-B5BE-58D29298B740}.Release|Any CPU.Build.0 = Release|Any CPU
		{F65E1E04-28BE-4129-BEF7-B31F58E41DCD}.Debug|Any CPU.ActiveCfg = Debug|Any CPU
		{F65E1E04-28BE-4129-BEF7-B31F58E41DCD}.Debug|Any CPU.Build.0 = Debug|Any CPU
		{F65E1E04-28BE-4129-BEF7-B31F58E41DCD}.Release|Any CPU.ActiveCfg = Release|Any CPU
		{F65E1E04-28BE-4129-BEF7-B31F58E41DCD}.Release|Any CPU.Build.0 = Release|Any CPU
	EndGlobalSection
	GlobalSection(SolutionProperties) = preSolution
		HideSolutionNode = FALSE
	EndGlobalSection
	GlobalSection(ExtensibilityGlobals) = postSolution
		SolutionGuid = {4443E3E3-A6E8-4DBA-889E-A0535F26A315}
	EndGlobalSection
EndGlobal
